{
  "name": "combatbot-bot-client",
  "version": "0.5.0",
  "lockfileVersion": 1,
  "requires": true,
  "dependencies": {
    "async-limiter": {
      "version": "1.0.1",
      "resolved": "https://registry.npmjs.org/async-limiter/-/async-limiter-1.0.1.tgz",
      "integrity": "sha512-csOlWGAcRFJaI6m+F2WKdnMKr4HhdhFVBk0H/QbJFMCr+uO2kwohwXQPxw/9OCxp05r5ghVBFSyioixx3gfkNQ==",
      "dev": true
    },
    "body-parser": {
      "version": "1.17.2",
      "resolved": "https://registry.npmjs.org/body-parser/-/body-parser-1.17.2.tgz",
      "integrity": "sha1-+IkqvI+eYn1Crtr7yma/WrmRBO4=",
      "dev": true,
      "dependencies": {
        "debug": {
          "version": "2.6.7",
          "resolved": "https://registry.npmjs.org/debug/-/debug-2.6.7.tgz",
          "integrity": "sha1-krrR9tBbu2u6Isyoi80OyJTChh4="
        },
        "iconv-lite": {
          "version": "0.4.15",
          "resolved": "https://registry.npmjs.org/iconv-lite/-/iconv-lite-0.4.15.tgz",
          "integrity": "sha1-/iZaIYrGpXz+hUkn6dBMGYJe3es="
        },
        "qs": {
          "version": "6.4.0",
          "resolved": "https://registry.npmjs.org/qs/-/qs-6.4.0.tgz",
          "integrity": "sha1-E+JtKK1rD/qpExLNO/cI7TUecjM="
        }
      }
    },
    "buble": {
      "version": "0.15.2",
      "resolved": "https://registry.npmjs.org/buble/-/buble-0.15.2.tgz",
      "integrity": "sha1-VH/EdIP45egXbYKqXrzLGDsC1hM=",
      "dev": true
    },
    "esdoc": {
      "version": "0.5.2",
      "resolved": "https://registry.npmjs.org/esdoc/-/esdoc-0.5.2.tgz",
      "integrity": "sha1-y/0LIOPRyswjyTwyju2YfiG6AGc=",
      "dev": true,
      "dependencies": {
        "fs-extra": {
          "version": "1.0.0",
          "resolved": "https://registry.npmjs.org/fs-extra/-/fs-extra-1.0.0.tgz",
          "integrity": "sha1-zTzl9+fLYUWIP8rjGR6Yd/hYeVA="
        },
        "taffydb": {
          "version": "2.7.2",
          "resolved": "https://registry.npmjs.org/taffydb/-/taffydb-2.7.2.tgz",
          "integrity": "sha1-e/gQalwaSCUbPjvAoOFzJIn9Dcg="
        }
      }
    },
    "eslint": {
      "version": "3.19.0",
      "resolved": "https://registry.npmjs.org/eslint/-/eslint-3.19.0.tgz",
      "integrity": "sha1-yPxiAcf0DdCJQbh8CFdnOGpnmsw=",
      "dev": true
    },
    "eslint-config-standard": {
      "version": "10.2.1",
      "resolved": "https://registry.npmjs.org/eslint-config-standard/-/eslint-config-standard-10.2.1.tgz",
      "integrity": "sha1-wGHk0GbzedwXzVYsZOgZtN1FRZE=",
      "dev": true
    },
    "eslint-plugin-import": {
      "version": "2.3.0",
      "resolved": "https://registry.npmjs.org/eslint-plugin-import/-/eslint-plugin-import-2.3.0.tgz",
      "integrity": "sha1-N8gB4K2g4pbL3yDD85OstbUq82s=",
      "dev": true,
      "dependencies": {
        "doctrine": {
          "version": "https://registry.npmjs.org/doctrine/-/doctrine-1.5.0.tgz",
          "integrity": "sha1-N53Ocw9hZvds76TmcHoVmwLFpvo="
        }
      }
    },
    "eslint-plugin-node": {
      "version": "4.2.2",
      "resolved": "https://registry.npmjs.org/eslint-plugin-node/-/eslint-plugin-node-4.2.2.tgz",
      "integrity": "sha1-gpWcqa7Xn8vSi7GxiNBcrAT7M2M=",
      "dev": true
    },
    "eslint-plugin-promise": {
      "version": "3.5.0",
      "resolved": "https://registry.npmjs.org/eslint-plugin-promise/-/eslint-plugin-promise-3.5.0.tgz",
      "integrity": "sha1-ePu2/+BHIBYnVp6FpsU3OvKmj8o=",
      "dev": true
    },
    "eslint-plugin-standard": {
      "version": "3.0.1",
      "resolved": "https://registry.npmjs.org/eslint-plugin-standard/-/eslint-plugin-standard-3.0.1.tgz",
      "integrity": "sha1-NNDJFbRe3G8BA5PH7vOCOwhWXPI=",
      "dev": true
    },
    "express": {
      "version": "4.15.3",
      "resolved": "https://registry.npmjs.org/express/-/express-4.15.3.tgz",
      "integrity": "sha1-urZdDwOqgMNYQIly/HAPkWlEtmI=",
      "dev": true,
      "dependencies": {
        "debug": {
          "version": "2.6.7",
          "resolved": "https://registry.npmjs.org/debug/-/debug-2.6.7.tgz",
          "integrity": "sha1-krrR9tBbu2u6Isyoi80OyJTChh4="
        },
        "qs": {
          "version": "6.4.0",
          "resolved": "https://registry.npmjs.org/qs/-/qs-6.4.0.tgz",
          "integrity": "sha1-E+JtKK1rD/qpExLNO/cI7TUecjM="
        }
      }
    },
    "rollup": {
      "version": "0.41.6",
      "resolved": "https://registry.npmjs.org/rollup/-/rollup-0.41.6.tgz",
      "integrity": "sha1-4NBUl4d6OYwQTYFtJzOnGKepTio=",
      "dev": true
    },
    "rollup-plugin-buble": {
      "version": "0.15.0",
      "resolved": "https://registry.npmjs.org/rollup-plugin-buble/-/rollup-plugin-buble-0.15.0.tgz",
      "integrity": "sha1-g8PonH/SJmx5GPQbo5gDE1Gcf9A=",
      "dev": true
    },
    "rollup-plugin-cleanup": {
      "version": "1.0.0",
      "resolved": "https://registry.npmjs.org/rollup-plugin-cleanup/-/rollup-plugin-cleanup-1.0.0.tgz",
      "integrity": "sha1-A/K+ejsupJbdG3UwUAN/k2OYMiQ=",
      "dev": true,
      "dependencies": {
        "acorn": {
          "version": "https://registry.npmjs.org/acorn/-/acorn-4.0.13.tgz",
          "integrity": "sha1-EFSVrlNh1pe9GVyCUZLhrX8lN4c="
        },
        "estree-walker": {
          "version": "https://registry.npmjs.org/estree-walker/-/estree-walker-0.3.1.tgz",
          "integrity": "sha1-5rGlHPcpJSTnI3wxLl/mZgwc4ao="
        },
        "magic-string": {
          "version": "https://registry.npmjs.org/magic-string/-/magic-string-0.19.1.tgz",
          "integrity": "sha1-FNdoATyvLsj96hakmvgvw3fnUgE="
        },
        "rollup-pluginutils": {
          "version": "https://registry.npmjs.org/rollup-pluginutils/-/rollup-pluginutils-2.0.1.tgz",
          "integrity": "sha1-fslbNXP2VDpGpkYb2afFRFJdD8A="
        }
      }
    },
    "rollup-plugin-eslint": {
      "version": "3.0.0",
      "resolved": "https://registry.npmjs.org/rollup-plugin-eslint/-/rollup-plugin-eslint-3.0.0.tgz",
      "integrity": "sha1-Q1TE5YXg0r2SWBTj38hky3kuyaQ=",
      "dev": true
    },
    "rollup-plugin-filesize": {
      "version": "1.3.2",
      "resolved": "https://registry.npmjs.org/rollup-plugin-filesize/-/rollup-plugin-filesize-1.3.2.tgz",
      "integrity": "sha1-yneQ4f6DP+aFlG8xZ7ljBFpcklg=",
      "dev": true
    },
    "rollup-plugin-local-resolve": {
      "version": "1.0.7",
      "resolved": "https://registry.npmjs.org/rollup-plugin-local-resolve/-/rollup-plugin-local-resolve-1.0.7.tgz",
      "integrity": "sha1-xIZwFxbBWt0hJ1ZcLqoQESMyCIc=",
      "dev": true
    },
    "rollup-watch": {
      "version": "3.2.2",
      "resolved": "https://registry.npmjs.org/rollup-watch/-/rollup-watch-3.2.2.tgz",
      "integrity": "sha1-XldCMunvNtqRd/RpRtgIDLJnNUs=",
      "dev": true
    },
    "ultron": {
      "version": "1.1.0",
      "resolved": "https://registry.npmjs.org/ultron/-/ultron-1.1.0.tgz",
      "integrity": "sha1-sHoualQagV/Go0zNRTO67DB8qGQ=",
      "dev": true
    },
    "ws": {
      "version": "3.3.1",
      "resolved": "https://registry.npmjs.org/ws/-/ws-3.3.1.tgz",
      "integrity": "sha512-8A/uRMnQy8KCQsmep1m7Bk+z/+LIkeF7w+TDMLtX1iZm5Hq9HsUDmgFGaW1ACW5Cj0b2Qo7wCvRhYN2ErUVp/A==",
      "dev": true,
      "requires": {
        "async-limiter": "~1.0.0",
        "safe-buffer": "~5.1.0",
        "ultron": "~1.1.0"
      },
      "dependencies": {
        "safe-buffer": {
          "version": "5.1.2",
          "resolved": "https://registry.npmjs.org/safe-buffer/-/safe-buffer-5.1.2.tgz",
          "integrity": "sha512-Gd2UZBJDkXlY7GbJxfsE8/nvKkUEU1G38c1siN6QP6a9PT9MmHB8GnpscSmMJSoF8LOIrt8ud/wPtojys4G6+g==",
          "dev": true
        }
      }
    }
  }
}
